
Microsoft Visual Studio Solution File, Format Version 12.00
# Visual Studio Version 17
VisualStudioVersion = 17.7.34018.315
MinimumVisualStudioVersion = 10.0.40219.1
Project("{9A19103F-16F7-4668-BE54-9A1E7A4F7556}") = "True_Final_Project", "True_Final_Project\True_Final_Project.csproj", "{452F8381-7361-4FFB-9DFF-72D6652B9E57}"
EndProject
Global
	GlobalSection(SolutionConfigurationPlatforms) = preSolution
		Debug|Any CPU = Debug|Any CPU
		Release|Any CPU = Release|Any CPU
	EndGlobalSection
	GlobalSection(ProjectConfigurationPlatforms) = postSolution
		{452F8381-7361-4FFB-9DFF-72D6652B9E57}.Debug|Any CPU.ActiveCfg = Debug|Any CPU
		{452F8381-7361-4FFB-9DFF-72D6652B9E57}.Debug|Any CPU.Build.0 = Debug|Any CPU
		{452F8381-7361-4FFB-9DFF-72D6652B9E57}.Release|Any CPU.ActiveCfg = Release|Any CPU
		{452F8381-7361-4FFB-9DFF-72D6652B9E57}.Release|Any CPU.Build.0 = Release|Any CPU
	EndGlobalSection
	GlobalSection(SolutionProperties) = preSolution
		HideSolutionNode = FALSE
	EndGlobalSection
	GlobalSection(ExtensibilityGlobals) = postSolution
		SolutionGuid = {3EFE9D36-AEF0-4BF5-B896-4848E63DAD74}
	EndGlobalSection
EndGlobal
